
Microsoft Visual Studio Solution File, Format Version 11.00
# Visual C++ Express 2010
Project("{8BC9CEB8-8B4A-11D0-8D11-00A0C91BC942}") = "Server", "Server\Server.vcxproj", "{03E1A292-2341-4399-9750-C12DE90172EC}"
EndProject
Project("{8BC9CEB8-8B4A-11D0-8D11-00A0C91BC942}") = "Test", "Test\Test.vcxproj", "{842D4B95-4072-49E1-B9A1-9E295518650C}"
EndProject
Project("{8BC9CEB8-8B4A-11D0-8D11-00A0C91BC942}") = "Plugin", "Plugin\Plugin.vcxproj", "{18F25DF7-93CC-4C56-8E6D-9CB0A05476FB}"
EndProject
Global
	GlobalSection(SolutionConfigurationPlatforms) = preSolution
		Debug|Win32 = Debug|Win32
		Release|Win32 = Release|Win32
	EndGlobalSection
	GlobalSection(ProjectConfigurationPlatforms) = postSolution
		{03E1A292-2341-4399-9750-C12DE90172EC}.Debug|Win32.ActiveCfg = Debug|Win32
		{03E1A292-2341-4399-9750-C12DE90172EC}.Debug|Win32.Build.0 = Debug|Win32
		{03E1A292-2341-4399-9750-C12DE90172EC}.Release|Win32.ActiveCfg = Release|Win32
		{03E1A292-2341-4399-9750-C12DE90172EC}.Release|Win32.Build.0 = Release|Win32
		{842D4B95-4072-49E1-B9A1-9E295518650C}.Debug|Win32.ActiveCfg = Debug|Win32
		{842D4B95-4072-49E1-B9A1-9E295518650C}.Debug|Win32.Build.0 = Debug|Win32
		{842D4B95-4072-49E1-B9A1-9E295518650C}.Release|Win32.ActiveCfg = Release|Win32
		{842D4B95-4072-49E1-B9A1-9E295518650C}.Release|Win32.Build.0 = Release|Win32
		{18F25DF7-93CC-4C56-8E6D-9CB0A05476FB}.Debug|Win32.ActiveCfg = Debug|Win32
		{18F25DF7-93CC-4C56-8E6D-9CB0A05476FB}.Debug|Win32.Build.0 = Debug|Win32
		{18F25DF7-93CC-4C56-8E6D-9CB0A05476FB}.Release|Win32.ActiveCfg = Release|Win32
		{18F25DF7-93CC-4C56-8E6D-9CB0A05476FB}.Release|Win32.Build.0 = Release|Win32
	EndGlobalSection
	GlobalSection(SolutionProperties) = preSolution
		HideSolutionNode = FALSE
	EndGlobalSection
EndGlobal
